
Microsoft Visual Studio Solution File, Format Version 12.00
# Visual Studio 15
VisualStudioVersion = 15.0.27703.2047
MinimumVisualStudioVersion = 10.0.40219.1
Project("{FAE04EC0-301F-11D3-BF4B-00C04F79EFBC}") = "Entidades", "Entidades\Entidades.csproj", "{37E11301-2D67-4CE7-A563-79557547D334}"
EndProject
Project("{FAE04EC0-301F-11D3-BF4B-00C04F79EFBC}") = "FrmPrincipal", "FrmPrincipal\FrmPrincipal.csproj", "{9A0E42ED-1206-4C1A-8B03-FF927E7314ED}"
EndProject
Global
	GlobalSection(SolutionConfigurationPlatforms) = preSolution
		Debug|Any CPU = Debug|Any CPU
		Release|Any CPU = Release|Any CPU
	EndGlobalSection
	GlobalSection(ProjectConfigurationPlatforms) = postSolution
		{37E11301-2D67-4CE7-A563-79557547D334}.Debug|Any CPU.ActiveCfg = Debug|Any CPU
		{37E11301-2D67-4CE7-A563-79557547D334}.Debug|Any CPU.Build.0 = Debug|Any CPU
		{37E11301-2D67-4CE7-A563-79557547D334}.Release|Any CPU.ActiveCfg = Release|Any CPU
		{37E11301-2D67-4CE7-A563-79557547D334}.Release|Any CPU.Build.0 = Release|Any CPU
		{9A0E42ED-1206-4C1A-8B03-FF927E7314ED}.Debug|Any CPU.ActiveCfg = Debug|Any CPU
		{9A0E42ED-1206-4C1A-8B03-FF927E7314ED}.Debug|Any CPU.Build.0 = Debug|Any CPU
		{9A0E42ED-1206-4C1A-8B03-FF927E7314ED}.Release|Any CPU.ActiveCfg = Release|Any CPU
		{9A0E42ED-1206-4C1A-8B03-FF927E7314ED}.Release|Any CPU.Build.0 = Release|Any CPU
	EndGlobalSection
	GlobalSection(SolutionProperties) = preSolution
		HideSolutionNode = FALSE
	EndGlobalSection
	GlobalSection(ExtensibilityGlobals) = postSolution
		SolutionGuid = {BB4707C4-A760-479E-A6E3-FA3204C3AA54}
	EndGlobalSection
EndGlobal
